
Microsoft Visual Studio Solution File, Format Version 12.00
# Visual Studio Version 17
VisualStudioVersion = 17.8.34330.188
MinimumVisualStudioVersion = 10.0.40219.1
Project("{9A19103F-16F7-4668-BE54-9A1E7A4F7556}") = "Static_Keyword", "Static_Keyword\Static_Keyword.csproj", "{86E684A4-E347-45E2-A4B7-5A2D5C0036FA}"
EndProject
Project("{9A19103F-16F7-4668-BE54-9A1E7A4F7556}") = "Without_Static_Keyword_Violating_Abstraction_OOPS", "Without_Static_Keyword\Without_Static_Keyword_Violating_Abstraction_OOPS.csproj", "{033F9838-9125-4FD6-94B3-854F9776A3CC}"
EndProject
Project("{9A19103F-16F7-4668-BE54-9A1E7A4F7556}") = "Without_Static_Keyword_Following_Abstraction_OOPS", "Without_Static_Keyword_Following_Abstraction_OOPS\Without_Static_Keyword_Following_Abstraction_OOPS.csproj", "{3E81E864-87B4-42B5-8378-0A2C50CD0E58}"
EndProject
Project("{9A19103F-16F7-4668-BE54-9A1E7A4F7556}") = "Static_VS_Non_Static", "Static_VS_Non_Static\Static_VS_Non_Static.csproj", "{0A2EF529-AB2A-4978-B1E9-A66FAEBF072E}"
EndProject
Project("{9A19103F-16F7-4668-BE54-9A1E7A4F7556}") = "Delegate_Demo", "Delegate_Demo\Delegate_Demo.csproj", "{01D083B4-25B2-4B3E-8F21-5A4342E4A39D}"
EndProject
Project("{9A19103F-16F7-4668-BE54-9A1E7A4F7556}") = "Event_Demo", "Event_Demo\Event_Demo.csproj", "{1BA5BA87-CDD7-4C27-A2C9-1B2D1F66F4CB}"
EndProject
Project("{FAE04EC0-301F-11D3-BF4B-00C04F79EFBC}") = "Named_And_Optional_Param", "Named_And_Optional_Param\Named_And_Optional_Param.csproj", "{437E7161-88AD-414B-BF21-9D0744787C0E}"
EndProject
Global
	GlobalSection(SolutionConfigurationPlatforms) = preSolution
		Debug|Any CPU = Debug|Any CPU
		Release|Any CPU = Release|Any CPU
	EndGlobalSection
	GlobalSection(ProjectConfigurationPlatforms) = postSolution
		{86E684A4-E347-45E2-A4B7-5A2D5C0036FA}.Debug|Any CPU.ActiveCfg = Debug|Any CPU
		{86E684A4-E347-45E2-A4B7-5A2D5C0036FA}.Debug|Any CPU.Build.0 = Debug|Any CPU
		{86E684A4-E347-45E2-A4B7-5A2D5C0036FA}.Release|Any CPU.ActiveCfg = Release|Any CPU
		{86E684A4-E347-45E2-A4B7-5A2D5C0036FA}.Release|Any CPU.Build.0 = Release|Any CPU
		{033F9838-9125-4FD6-94B3-854F9776A3CC}.Debug|Any CPU.ActiveCfg = Debug|Any CPU
		{033F9838-9125-4FD6-94B3-854F9776A3CC}.Debug|Any CPU.Build.0 = Debug|Any CPU
		{033F9838-9125-4FD6-94B3-854F9776A3CC}.Release|Any CPU.ActiveCfg = Release|Any CPU
		{033F9838-9125-4FD6-94B3-854F9776A3CC}.Release|Any CPU.Build.0 = Release|Any CPU
		{3E81E864-87B4-42B5-8378-0A2C50CD0E58}.Debug|Any CPU.ActiveCfg = Debug|Any CPU
		{3E81E864-87B4-42B5-8378-0A2C50CD0E58}.Debug|Any CPU.Build.0 = Debug|Any CPU
		{3E81E864-87B4-42B5-8378-0A2C50CD0E58}.Release|Any CPU.ActiveCfg = Release|Any CPU
		{3E81E864-87B4-42B5-8378-0A2C50CD0E58}.Release|Any CPU.Build.0 = Release|Any CPU
		{0A2EF529-AB2A-4978-B1E9-A66FAEBF072E}.Debug|Any CPU.ActiveCfg = Debug|Any CPU
		{0A2EF529-AB2A-4978-B1E9-A66FAEBF072E}.Debug|Any CPU.Build.0 = Debug|Any CPU
		{0A2EF529-AB2A-4978-B1E9-A66FAEBF072E}.Release|Any CPU.ActiveCfg = Release|Any CPU
		{0A2EF529-AB2A-4978-B1E9-A66FAEBF072E}.Release|Any CPU.Build.0 = Release|Any CPU
		{01D083B4-25B2-4B3E-8F21-5A4342E4A39D}.Debug|Any CPU.ActiveCfg = Debug|Any CPU
		{01D083B4-25B2-4B3E-8F21-5A4342E4A39D}.Debug|Any CPU.Build.0 = Debug|Any CPU
		{01D083B4-25B2-4B3E-8F21-5A4342E4A39D}.Release|Any CPU.ActiveCfg = Release|Any CPU
		{01D083B4-25B2-4B3E-8F21-5A4342E4A39D}.Release|Any CPU.Build.0 = Release|Any CPU
		{1BA5BA87-CDD7-4C27-A2C9-1B2D1F66F4CB}.Debug|Any CPU.ActiveCfg = Debug|Any CPU
		{1BA5BA87-CDD7-4C27-A2C9-1B2D1F66F4CB}.Debug|Any CPU.Build.0 = Debug|Any CPU
		{1BA5BA87-CDD7-4C27-A2C9-1B2D1F66F4CB}.Release|Any CPU.ActiveCfg = Release|Any CPU
		{1BA5BA87-CDD7-4C27-A2C9-1B2D1F66F4CB}.Release|Any CPU.Build.0 = Release|Any CPU
		{437E7161-88AD-414B-BF21-9D0744787C0E}.Debug|Any CPU.ActiveCfg = Debug|Any CPU
		{437E7161-88AD-414B-BF21-9D0744787C0E}.Debug|Any CPU.Build.0 = Debug|Any CPU
		{437E7161-88AD-414B-BF21-9D0744787C0E}.Release|Any CPU.ActiveCfg = Release|Any CPU
		{437E7161-88AD-414B-BF21-9D0744787C0E}.Release|Any CPU.Build.0 = Release|Any CPU
	EndGlobalSection
	GlobalSection(SolutionProperties) = preSolution
		HideSolutionNode = FALSE
	EndGlobalSection
	GlobalSection(ExtensibilityGlobals) = postSolution
		SolutionGuid = {C199A7D4-790E-4838-8466-862CF06D6E1C}
	EndGlobalSection
EndGlobal
